version: 0.170.1
dependencies:
- name: alloy
  repository: https://grafana.github.io/helm-charts
  version: 0.12.5
- name: ghost
  repository: https://charts.bitnami.com/bitnami
  version: 22.2.0
- name: ghost
  repository: https://charts.bitnami.com/bitnami
  version: 22.2.0
- name: gitea
  repository: https://dl.gitea.io/charts
  version: 11.0.0
- name: grafana
  repository: https://grafana.github.io/helm-charts
  version: 8.10.4
- name: k8up
  repository: https://k8up-io.github.io/k8up
  version: 4.8.4
- name: loki
  repository: https://grafana.github.io/helm-charts
  version: 6.28.0
- name: mariadb
  repository: https://charts.bitnami.com/bitnami
  version: 20.4.1
- name: matrix-synapse
  repository: https://ananace.gitlab.io/charts
  version: 3.11.5
- name: pgo
  repository: git+https://github.com/grantdhunter/postgres-operator@helm?ref=main
  version: 5.7.2
- name: postgrescluster
  repository: git+https://github.com/grantdhunter/postgres-operator@helm?ref=main
  version: 5.7.2
- name: prometheus
  repository: https://prometheus-community.github.io/helm-charts
  version: 27.5.1
- name: rook-ceph
  repository: https://charts.rook.io/release
  version: v1.16.5
- name: rook-ceph-cluster
  repository: https://charts.rook.io/release
  version: v1.16.5
- name: static-site
  repository: git+https://github.com/cfpb/static-site@charts?ref=main
  version: 0.1.1
- name: tailscale-operator
  repository: https://pkgs.tailscale.com/helmcharts
  version: 1.80.3
- name: traefik
  repository: https://traefik.github.io/charts
  version: 34.4.1
digest: sha256:256e38bc7feb044a2b643abcc7f3fa2efbdfc7bad65647543be1917abde8b709
generated: "2025-03-16T18:36:00.677364313-06:00"
