version: 1.2.3
dependencies:
  - name: cert-manager
    repository: https://charts.jetstack.io
    version: v1.19.3
  - name: cert-manager-webhook-hetzner
    repository: https://vadimkim.github.io/cert-manager-webhook-hetzner
    version: 1.4.2
  - name: rook-ceph
    repository: https://charts.rook.io/release
    version: v1.19.1
  - name: rook-ceph-cluster
    repository: https://charts.rook.io/release
    version: v1.19.1
  - name: tailscale-operator
    repository: https://pkgs.tailscale.com/helmcharts
    version: 1.94.1
  - name: traefik
    repository: https://traefik.github.io/charts
    version: 39.0.0
digest: sha256:4f5c8a239ffdf62b0ee3c5cad93fe0a155fc9d311f2754a27f28b45d08abedfc
generated: "2026-02-08T14:48:11.557963845-07:00"
