version: 0.170.1
dependencies:
- name: ghost
  repository: https://charts.bitnami.com/bitnami
  version: 23.0.9
- name: ghost
  repository: https://charts.bitnami.com/bitnami
  version: 23.0.9
- name: immich
  repository: https://immich-app.github.io/immich-charts
  version: 0.9.3
- name: k8up-backup
  repository: git+https://git.incngrnt.ca/grant/charts@charts?ref=main
  version: 0.0.3
- name: k8up-backup
  repository: git+https://git.incngrnt.ca/grant/charts@charts?ref=main
  version: 0.0.3
- name: k8up-backup
  repository: git+https://git.incngrnt.ca/grant/charts@charts?ref=main
  version: 0.0.3
- name: k8up-backup
  repository: git+https://git.incngrnt.ca/grant/charts@charts?ref=main
  version: 0.0.3
- name: matrix-registration
  repository: git+https://git.incngrnt.ca/grant/charts@charts?ref=main
  version: 0.1.0
- name: matrix-synapse
  repository: https://ananace.gitlab.io/charts
  version: 3.12.0
- name: static-site
  repository: git+https://github.com/cfpb/static-site@charts?ref=main
  version: 0.1.1
digest: sha256:c78dadea873029f1b6fca369e84fc27b831060bb268eeb89cde168a966d73416
generated: "2025-05-29T21:00:19.279226635-06:00"
