version: 1.2.3
dependencies:
  - name: audiobookshelf
    repository: https://k8s-home-lab.github.io/helm-charts/
    version: 2.0.1
  - name: calibre-web
    repository: https://k8s-home-lab.github.io/helm-charts/
    version: 9.1.0
  - name: ghost
    repository: https://charts.bitnami.com/bitnami
    version: 25.0.4
  - name: ghost
    repository: https://charts.bitnami.com/bitnami
    version: 25.0.4
  - name: gitea
    repository: https://dl.gitea.io/charts
    version: 12.5.0
  - name: immich
    repository: https://immich-app.github.io/immich-charts
    version: 0.10.3
  - name: k8up-backup
    repository: git+https://git.incngrnt.ca/grant/charts@charts?ref=main
    version: 0.0.3
  - name: k8up-backup
    repository: git+https://git.incngrnt.ca/grant/charts@charts?ref=main
    version: 0.0.3
  - name: k8up-backup
    repository: git+https://git.incngrnt.ca/grant/charts@charts?ref=main
    version: 0.0.3
  - name: k8up-backup
    repository: git+https://git.incngrnt.ca/grant/charts@charts?ref=main
    version: 0.0.3
  - name: matrix-registration
    repository: git+https://git.incngrnt.ca/grant/charts@charts?ref=main
    version: 0.1.0
  - name: matrix-synapse
    repository: https://ananace.gitlab.io/charts
    version: 3.12.23
  - name: static-site
    repository: git+https://github.com/cfpb/static-site@charts?ref=main
    version: 0.1.1
digest: sha256:5fa6810fb7db97d0ff56fc5dcf272fd59202bad89b36c5b30ce212db7956edb9
generated: "2026-03-21T15:54:36.111194061-06:00"
