version: 0.170.1
dependencies:
- name: alloy
  repository: https://grafana.github.io/helm-charts
  version: 1.0.3
- name: kube-state-metrics
  repository: https://prometheus-community.github.io/helm-charts
  version: 5.33.2
- name: lgtm-distributed
  repository: https://grafana.github.io/helm-charts
  version: 2.1.0
digest: sha256:e1c994ff73cbf51ec94c52aa15a110c8a6917c27918a4989545e313b950f2008
generated: "2025-05-29T21:00:38.677681755-06:00"
